// !$*UTF8*$!
{
	archiveVersion = 1;
	classes = {
	};
	objectVersion = 48;
	objects = {

/* Begin PBXBuildFile section */
		34DA62581FD304BE006B325D /* AppDelegate.swift in Sources */ = {isa = PBXBuildFile; fileRef = 34DA62571FD304BE006B325D /* AppDelegate.swift */; };
		34DA625A1FD304BE006B325D /* ViewController.swift in Sources */ = {isa = PBXBuildFile; fileRef = 34DA62591FD304BE006B325D /* ViewController.swift */; };
		34DA625D1FD304BE006B325D /* Main.storyboard in Resources */ = {isa = PBXBuildFile; fileRef = 34DA625B1FD304BE006B325D /* Main.storyboard */; };
		34DA625F1FD304BE006B325D /* Assets.xcassets in Resources */ = {isa = PBXBuildFile; fileRef = 34DA625E1FD304BE006B325D /* Assets.xcassets */; };
		34DA62621FD304BE006B325D /* LaunchScreen.storyboard in Resources */ = {isa = PBXBuildFile; fileRef = 34DA62601FD304BE006B325D /* LaunchScreen.storyboard */; };
		34DA626D1FD304BE006B325D /* FriendNetworkingTests.swift in Sources */ = {isa = PBXBuildFile; fileRef = 34DA626C1FD304BE006B325D /* FriendNetworkingTests.swift */; };
		34DA62781FD304BF006B325D /* FriendNetworkingUITests.swift in Sources */ = {isa = PBXBuildFile; fileRef = 34DA62771FD304BE006B325D /* FriendNetworkingUITests.swift */; };
		34DA62871FD3092B006B325D /* CoreLocation.framework in Frameworks */ = {isa = PBXBuildFile; fileRef = 34DA62861FD30914006B325D /* CoreLocation.framework */; };
		34DA62891FD318A0006B325D /* Sender.swift in Sources */ = {isa = PBXBuildFile; fileRef = 34DA62881FD318A0006B325D /* Sender.swift */; };
/* End PBXBuildFile section */

/* Begin PBXContainerItemProxy section */
		34DA62691FD304BE006B325D /* PBXContainerItemProxy */ = {
			isa = PBXContainerItemProxy;
			containerPortal = 34DA624C1FD304BE006B325D /* Project object */;
			proxyType = 1;
			remoteGlobalIDString = 34DA62531FD304BE006B325D;
			remoteInfo = FriendNetworking;
		};
		34DA62741FD304BE006B325D /* PBXContainerItemProxy */ = {
			isa = PBXContainerItemProxy;
			containerPortal = 34DA624C1FD304BE006B325D /* Project object */;
			proxyType = 1;
			remoteGlobalIDString = 34DA62531FD304BE006B325D;
			remoteInfo = FriendNetworking;
		};
/* End PBXContainerItemProxy section */

/* Begin PBXFileReference section */
		34DA62541FD304BE006B325D /* FriendNetworking.app */ = {isa = PBXFileReference; explicitFileType = wrapper.application; includeInIndex = 0; path = FriendNetworking.app; sourceTree = BUILT_PRODUCTS_DIR; };
		34DA62571FD304BE006B325D /* AppDelegate.swift */ = {isa = PBXFileReference; lastKnownFileType = sourcecode.swift; path = AppDelegate.swift; sourceTree = "<group>"; };
		34DA62591FD304BE006B325D /* ViewController.swift */ = {isa = PBXFileReference; lastKnownFileType = sourcecode.swift; path = ViewController.swift; sourceTree = "<group>"; };
		34DA625C1FD304BE006B325D /* Base */ = {isa = PBXFileReference; lastKnownFileType = file.storyboard; name = Base; path = Base.lproj/Main.storyboard; sourceTree = "<group>"; };
		34DA625E1FD304BE006B325D /* Assets.xcassets */ = {isa = PBXFileReference; lastKnownFileType = folder.assetcatalog; path = Assets.xcassets; sourceTree = "<group>"; };
		34DA62611FD304BE006B325D /* Base */ = {isa = PBXFileReference; lastKnownFileType = file.storyboard; name = Base; path = Base.lproj/LaunchScreen.storyboard; sourceTree = "<group>"; };
		34DA62631FD304BE006B325D /* Info.plist */ = {isa = PBXFileReference; lastKnownFileType = text.plist.xml; path = Info.plist; sourceTree = "<group>"; };
		34DA62681FD304BE006B325D /* FriendNetworkingTests.xctest */ = {isa = PBXFileReference; explicitFileType = wrapper.cfbundle; includeInIndex = 0; path = FriendNetworkingTests.xctest; sourceTree = BUILT_PRODUCTS_DIR; };
		34DA626C1FD304BE006B325D /* FriendNetworkingTests.swift */ = {isa = PBXFileReference; lastKnownFileType = sourcecode.swift; path = FriendNetworkingTests.swift; sourceTree = "<group>"; };
		34DA626E1FD304BE006B325D /* Info.plist */ = {isa = PBXFileReference; lastKnownFileType = text.plist.xml; path = Info.plist; sourceTree = "<group>"; };
		34DA62731FD304BE006B325D /* FriendNetworkingUITests.xctest */ = {isa = PBXFileReference; explicitFileType = wrapper.cfbundle; includeInIndex = 0; path = FriendNetworkingUITests.xctest; sourceTree = BUILT_PRODUCTS_DIR; };
		34DA62771FD304BE006B325D /* FriendNetworkingUITests.swift */ = {isa = PBXFileReference; lastKnownFileType = sourcecode.swift; path = FriendNetworkingUITests.swift; sourceTree = "<group>"; };
		34DA62791FD304BF006B325D /* Info.plist */ = {isa = PBXFileReference; lastKnownFileType = text.plist.xml; path = Info.plist; sourceTree = "<group>"; };
		34DA62861FD30914006B325D /* CoreLocation.framework */ = {isa = PBXFileReference; lastKnownFileType = wrapper.framework; name = CoreLocation.framework; path = System/Library/Frameworks/CoreLocation.framework; sourceTree = SDKROOT; };
		34DA62881FD318A0006B325D /* Sender.swift */ = {isa = PBXFileReference; lastKnownFileType = sourcecode.swift; path = Sender.swift; sourceTree = "<group>"; };
/* End PBXFileReference section */

/* Begin PBXFrameworksBuildPhase section */
		34DA62511FD304BE006B325D /* Frameworks */ = {
			isa = PBXFrameworksBuildPhase;
			buildActionMask = 2147483647;
			files = (
				34DA62871FD3092B006B325D /* CoreLocation.framework in Frameworks */,
			);
			runOnlyForDeploymentPostprocessing = 0;
		};
		34DA62651FD304BE006B325D /* Frameworks */ = {
			isa = PBXFrameworksBuildPhase;
			buildActionMask = 2147483647;
			files = (
			);
			runOnlyForDeploymentPostprocessing = 0;
		};
		34DA62701FD304BE006B325D /* Frameworks */ = {
			isa = PBXFrameworksBuildPhase;
			buildActionMask = 2147483647;
			files = (
			);
			runOnlyForDeploymentPostprocessing = 0;
		};
/* End PBXFrameworksBuildPhase section */

/* Begin PBXGroup section */
		34DA624B1FD304BE006B325D = {
			isa = PBXGroup;
			children = (
				34DA62561FD304BE006B325D /* FriendNetworking */,
				34DA626B1FD304BE006B325D /* FriendNetworkingTests */,
				34DA62761FD304BE006B325D /* FriendNetworkingUITests */,
				34DA62551FD304BE006B325D /* Products */,
				34DA62851FD30914006B325D /* Frameworks */,
			);
			sourceTree = "<group>";
		};
		34DA62551FD304BE006B325D /* Products */ = {
			isa = PBXGroup;
			children = (
				34DA62541FD304BE006B325D /* FriendNetworking.app */,
				34DA62681FD304BE006B325D /* FriendNetworkingTests.xctest */,
				34DA62731FD304BE006B325D /* FriendNetworkingUITests.xctest */,
			);
			name = Products;
			sourceTree = "<group>";
		};
		34DA62561FD304BE006B325D /* FriendNetworking */ = {
			isa = PBXGroup;
			children = (
				34DA62571FD304BE006B325D /* AppDelegate.swift */,
				34DA62591FD304BE006B325D /* ViewController.swift */,
				34DA62881FD318A0006B325D /* Sender.swift */,
				34DA625B1FD304BE006B325D /* Main.storyboard */,
				34DA625E1FD304BE006B325D /* Assets.xcassets */,
				34DA62601FD304BE006B325D /* LaunchScreen.storyboard */,
				34DA62631FD304BE006B325D /* Info.plist */,
			);
			path = FriendNetworking;
			sourceTree = "<group>";
		};
		34DA626B1FD304BE006B325D /* FriendNetworkingTests */ = {
			isa = PBXGroup;
			children = (
				34DA626C1FD304BE006B325D /* FriendNetworkingTests.swift */,
				34DA626E1FD304BE006B325D /* Info.plist */,
			);
			path = FriendNetworkingTests;
			sourceTree = "<group>";
		};
		34DA62761FD304BE006B325D /* FriendNetworkingUITests */ = {
			isa = PBXGroup;
			children = (
				34DA62771FD304BE006B325D /* FriendNetworkingUITests.swift */,
				34DA62791FD304BF006B325D /* Info.plist */,
			);
			path = FriendNetworkingUITests;
			sourceTree = "<group>";
		};
		34DA62851FD30914006B325D /* Frameworks */ = {
			isa = PBXGroup;
			children = (
				34DA62861FD30914006B325D /* CoreLocation.framework */,
			);
			name = Frameworks;
			sourceTree = "<group>";
		};
/* End PBXGroup section */

/* Begin PBXNativeTarget section */
		34DA62531FD304BE006B325D /* FriendNetworking */ = {
			isa = PBXNativeTarget;
			buildConfigurationList = 34DA627C1FD304BF006B325D /* Build configuration list for PBXNativeTarget "FriendNetworking" */;
			buildPhases = (
				34DA62501FD304BE006B325D /* Sources */,
				34DA62511FD304BE006B325D /* Frameworks */,
				34DA62521FD304BE006B325D /* Resources */,
			);
			buildRules = (
			);
			dependencies = (
			);
			name = FriendNetworking;
			productName = FriendNetworking;
			productReference = 34DA62541FD304BE006B325D /* FriendNetworking.app */;
			productType = "com.apple.product-type.application";
		};
		34DA62671FD304BE006B325D /* FriendNetworkingTests */ = {
			isa = PBXNativeTarget;
			buildConfigurationList = 34DA627F1FD304BF006B325D /* Build configuration list for PBXNativeTarget "FriendNetworkingTests" */;
			buildPhases = (
				34DA62641FD304BE006B325D /* Sources */,
				34DA62651FD304BE006B325D /* Frameworks */,
				34DA62661FD304BE006B325D /* Resources */,
			);
			buildRules = (
			);
			dependencies = (
				34DA626A1FD304BE006B325D /* PBXTargetDependency */,
			);
			name = FriendNetworkingTests;
			productName = FriendNetworkingTests;
			productReference = 34DA62681FD304BE006B325D /* FriendNetworkingTests.xctest */;
			productType = "com.apple.product-type.bundle.unit-test";
		};
		34DA62721FD304BE006B325D /* FriendNetworkingUITests */ = {
			isa = PBXNativeTarget;
			buildConfigurationList = 34DA62821FD304BF006B325D /* Build configuration list for PBXNativeTarget "FriendNetworkingUITests" */;
			buildPhases = (
				34DA626F1FD304BE006B325D /* Sources */,
				34DA62701FD304BE006B325D /* Frameworks */,
				34DA62711FD304BE006B325D /* Resources */,
			);
			buildRules = (
			);
			dependencies = (
				34DA62751FD304BE006B325D /* PBXTargetDependency */,
			);
			name = FriendNetworkingUITests;
			productName = FriendNetworkingUITests;
			productReference = 34DA62731FD304BE006B325D /* FriendNetworkingUITests.xctest */;
			productType = "com.apple.product-type.bundle.ui-testing";
		};
/* End PBXNativeTarget section */

/* Begin PBXProject section */
		34DA624C1FD304BE006B325D /* Project object */ = {
			isa = PBXProject;
			attributes = {
				LastSwiftUpdateCheck = 0910;
				LastUpgradeCheck = 0910;
				ORGANIZATIONNAME = "Bruno Fernandes Campos";
				TargetAttributes = {
					34DA62531FD304BE006B325D = {
						CreatedOnToolsVersion = 9.1;
						ProvisioningStyle = Automatic;
					};
					34DA62671FD304BE006B325D = {
						CreatedOnToolsVersion = 9.1;
						ProvisioningStyle = Automatic;
						TestTargetID = 34DA62531FD304BE006B325D;
					};
					34DA62721FD304BE006B325D = {
						CreatedOnToolsVersion = 9.1;
						ProvisioningStyle = Automatic;
						TestTargetID = 34DA62531FD304BE006B325D;
					};
				};
			};
			buildConfigurationList = 34DA624F1FD304BE006B325D /* Build configuration list for PBXProject "FriendNetworking" */;
			compatibilityVersion = "Xcode 8.0";
			developmentRegion = en;
			hasScannedForEncodings = 0;
			knownRegions = (
				en,
				Base,
			);
			mainGroup = 34DA624B1FD304BE006B325D;
			productRefGroup = 34DA62551FD304BE006B325D /* Products */;
			projectDirPath = "";
			projectRoot = "";
			targets = (
				34DA62531FD304BE006B325D /* FriendNetworking */,
				34DA62671FD304BE006B325D /* FriendNetworkingTests */,
				34DA62721FD304BE006B325D /* FriendNetworkingUITests */,
			);
		};
/* End PBXProject section */

/* Begin PBXResourcesBuildPhase section */
		34DA62521FD304BE006B325D /* Resources */ = {
			isa = PBXResourcesBuildPhase;
			buildActionMask = 2147483647;
			files = (
				34DA62621FD304BE006B325D /* LaunchScreen.storyboard in Resources */,
				34DA625F1FD304BE006B325D /* Assets.xcassets in Resources */,
				34DA625D1FD304BE006B325D /* Main.storyboard in Resources */,
			);
			runOnlyForDeploymentPostprocessing = 0;
		};
		34DA62661FD304BE006B325D /* Resources */ = {
			isa = PBXResourcesBuildPhase;
			buildActionMask = 2147483647;
			files = (
			);
			runOnlyForDeploymentPostprocessing = 0;
		};
		34DA62711FD304BE006B325D /* Resources */ = {
			isa = PBXResourcesBuildPhase;
			buildActionMask = 2147483647;
			files = (
			);
			runOnlyForDeploymentPostprocessing = 0;
		};
/* End PBXResourcesBuildPhase section */

/* Begin PBXSourcesBuildPhase section */
		34DA62501FD304BE006B325D /* Sources */ = {
			isa = PBXSourcesBuildPhase;
			buildActionMask = 2147483647;
			files = (
				34DA625A1FD304BE006B325D /* ViewController.swift in Sources */,
				34DA62891FD318A0006B325D /* Sender.swift in Sources */,
				34DA62581FD304BE006B325D /* AppDelegate.swift in Sources */,
			);
			runOnlyForDeploymentPostprocessing = 0;
		};
		34DA62641FD304BE006B325D /* Sources */ = {
			isa = PBXSourcesBuildPhase;
			buildActionMask = 2147483647;
			files = (
				34DA626D1FD304BE006B325D /* FriendNetworkingTests.swift in Sources */,
			);
			runOnlyForDeploymentPostprocessing = 0;
		};
		34DA626F1FD304BE006B325D /* Sources */ = {
			isa = PBXSourcesBuildPhase;
			buildActionMask = 2147483647;
			files = (
				34DA62781FD304BF006B325D /* FriendNetworkingUITests.swift in Sources */,
			);
			runOnlyForDeploymentPostprocessing = 0;
		};
/* End PBXSourcesBuildPhase section */

/* Begin PBXTargetDependency section */
		34DA626A1FD304BE006B325D /* PBXTargetDependency */ = {
			isa = PBXTargetDependency;
			target = 34DA62531FD304BE006B325D /* FriendNetworking */;
			targetProxy = 34DA62691FD304BE006B325D /* PBXContainerItemProxy */;
		};
		34DA62751FD304BE006B325D /* PBXTargetDependency */ = {
			isa = PBXTargetDependency;
			target = 34DA62531FD304BE006B325D /* FriendNetworking */;
			targetProxy = 34DA62741FD304BE006B325D /* PBXContainerItemProxy */;
		};
/* End PBXTargetDependency section */

/* Begin PBXVariantGroup section */
		34DA625B1FD304BE006B325D /* Main.storyboard */ = {
			isa = PBXVariantGroup;
			children = (
				34DA625C1FD304BE006B325D /* Base */,
			);
			name = Main.storyboard;
			sourceTree = "<group>";
		};
		34DA62601FD304BE006B325D /* LaunchScreen.storyboard */ = {
			isa = PBXVariantGroup;
			children = (
				34DA62611FD304BE006B325D /* Base */,
			);
			name = LaunchScreen.storyboard;
			sourceTree = "<group>";
		};
/* End PBXVariantGroup section */

/* Begin XCBuildConfiguration section */
		34DA627A1FD304BF006B325D /* Debug */ = {
			isa = XCBuildConfiguration;
			buildSettings = {
				ALWAYS_SEARCH_USER_PATHS = NO;
				CLANG_ANALYZER_NONNULL = YES;
				CLANG_ANALYZER_NUMBER_OBJECT_CONVERSION = YES_AGGRESSIVE;
				CLANG_CXX_LANGUAGE_STANDARD = "gnu++14";
				CLANG_CXX_LIBRARY = "libc++";
				CLANG_ENABLE_MODULES = YES;
				CLANG_ENABLE_OBJC_ARC = YES;
				CLANG_WARN_BLOCK_CAPTURE_AUTORELEASING = YES;
				CLANG_WARN_BOOL_CONVERSION = YES;
				CLANG_WARN_COMMA = YES;
				CLANG_WARN_CONSTANT_CONVERSION = YES;
				CLANG_WARN_DIRECT_OBJC_ISA_USAGE = YES_ERROR;
				CLANG_WARN_DOCUMENTATION_COMMENTS = YES;
				CLANG_WARN_EMPTY_BODY = YES;
				CLANG_WARN_ENUM_CONVERSION = YES;
				CLANG_WARN_INFINITE_RECURSION = YES;
				CLANG_WARN_INT_CONVERSION = YES;
				CLANG_WARN_NON_LITERAL_NULL_CONVERSION = YES;
				CLANG_WARN_OBJC_LITERAL_CONVERSION = YES;
				CLANG_WARN_OBJC_ROOT_CLASS = YES_ERROR;
				CLANG_WARN_RANGE_LOOP_ANALYSIS = YES;
				CLANG_WARN_STRICT_PROTOTYPES = YES;
				CLANG_WARN_SUSPICIOUS_MOVE = YES;
				CLANG_WARN_UNGUARDED_AVAILABILITY = YES_AGGRESSIVE;
				CLANG_WARN_UNREACHABLE_CODE = YES;
				CLANG_WARN__DUPLICATE_METHOD_MATCH = YES;
				CODE_SIGN_IDENTITY = "iPhone Developer";
				COPY_PHASE_STRIP = NO;
				DEBUG_INFORMATION_FORMAT = dwarf;
				ENABLE_STRICT_OBJC_MSGSEND = YES;
				ENABLE_TESTABILITY = YES;
				GCC_C_LANGUAGE_STANDARD = gnu11;
				GCC_DYNAMIC_NO_PIC = NO;
				GCC_NO_COMMON_BLOCKS = YES;
				GCC_OPTIMIZATION_LEVEL = 0;
				GCC_PREPROCESSOR_DEFINITIONS = (
					"DEBUG=1",
					"$(inherited)",
				);
				GCC_WARN_64_TO_32_BIT_CONVERSION = YES;
				GCC_WARN_ABOUT_RETURN_TYPE = YES_ERROR;
				GCC_WARN_UNDECLARED_SELECTOR = YES;
				GCC_WARN_UNINITIALIZED_AUTOS = YES_AGGRESSIVE;
				GCC_WARN_UNUSED_FUNCTION = YES;
				GCC_WARN_UNUSED_VARIABLE = YES;
				IPHONEOS_DEPLOYMENT_TARGET = 11.1;
				MTL_ENABLE_DEBUG_INFO = YES;
				ONLY_ACTIVE_ARCH = YES;
				SDKROOT = iphoneos;
				SWIFT_ACTIVE_COMPILATION_CONDITIONS = DEBUG;
				SWIFT_OPTIMIZATION_LEVEL = "-Onone";
			};
			name = Debug;
		};
		34DA627B1FD304BF006B325D /* Release */ = {
			isa = XCBuildConfiguration;
			buildSettings = {
				ALWAYS_SEARCH_USER_PATHS = NO;
				CLANG_ANALYZER_NONNULL = YES;
				CLANG_ANALYZER_NUMBER_OBJECT_CONVERSION = YES_AGGRESSIVE;
				CLANG_CXX_LANGUAGE_STANDARD = "gnu++14";
				CLANG_CXX_LIBRARY = "libc++";
				CLANG_ENABLE_MODULES = YES;
				CLANG_ENABLE_OBJC_ARC = YES;
				CLANG_WARN_BLOCK_CAPTURE_AUTORELEASING = YES;
				CLANG_WARN_BOOL_CONVERSION = YES;
				CLANG_WARN_COMMA = YES;
				CLANG_WARN_CONSTANT_CONVERSION = YES;
				CLANG_WARN_DIRECT_OBJC_ISA_USAGE = YES_ERROR;
				CLANG_WARN_DOCUMENTATION_COMMENTS = YES;
				CLANG_WARN_EMPTY_BODY = YES;
				CLANG_WARN_ENUM_CONVERSION = YES;
				CLANG_WARN_INFINITE_RECURSION = YES;
				CLANG_WARN_INT_CONVERSION = YES;
				CLANG_WARN_NON_LITERAL_NULL_CONVERSION = YES;
				CLANG_WARN_OBJC_LITERAL_CONVERSION = YES;
				CLANG_WARN_OBJC_ROOT_CLASS = YES_ERROR;
				CLANG_WARN_RANGE_LOOP_ANALYSIS = YES;
				CLANG_WARN_STRICT_PROTOTYPES = YES;
				CLANG_WARN_SUSPICIOUS_MOVE = YES;
				CLANG_WARN_UNGUARDED_AVAILABILITY = YES_AGGRESSIVE;
				CLANG_WARN_UNREACHABLE_CODE = YES;
				CLANG_WARN__DUPLICATE_METHOD_MATCH = YES;
				CODE_SIGN_IDENTITY = "iPhone Developer";
				COPY_PHASE_STRIP = NO;
				DEBUG_INFORMATION_FORMAT = "dwarf-with-dsym";
				ENABLE_NS_ASSERTIONS = NO;
				ENABLE_STRICT_OBJC_MSGSEND = YES;
				GCC_C_LANGUAGE_STANDARD = gnu11;
				GCC_NO_COMMON_BLOCKS = YES;
				GCC_WARN_64_TO_32_BIT_CONVERSION = YES;
				GCC_WARN_ABOUT_RETURN_TYPE = YES_ERROR;
				GCC_WARN_UNDECLARED_SELECTOR = YES;
				GCC_WARN_UNINITIALIZED_AUTOS = YES_AGGRESSIVE;
				GCC_WARN_UNUSED_FUNCTION = YES;
				GCC_WARN_UNUSED_VARIABLE = YES;
				IPHONEOS_DEPLOYMENT_TARGET = 11.1;
				MTL_ENABLE_DEBUG_INFO = NO;
				SDKROOT = iphoneos;
				SWIFT_OPTIMIZATION_LEVEL = "-Owholemodule";
				VALIDATE_PRODUCT = YES;
			};
			name = Release;
		};
		34DA627D1FD304BF006B325D /* Debug */ = {
			isa = XCBuildConfiguration;
			buildSettings = {
				ASSETCATALOG_COMPILER_APPICON_NAME = AppIcon;
				"CODE_SIGN_IDENTITY[sdk=iphoneos*]" = "iPhone Developer";
				CODE_SIGN_STYLE = Automatic;
				DEVELOPMENT_TEAM = TLK6VZ6RAB;
				INFOPLIST_FILE = FriendNetworking/Info.plist;
				IPHONEOS_DEPLOYMENT_TARGET = 10.0;
				LD_RUNPATH_SEARCH_PATHS = "$(inherited) @executable_path/Frameworks";
				PRODUCT_BUNDLE_IDENTIFIER = FriendNetworking;
				PRODUCT_NAME = "$(TARGET_NAME)";
				PROVISIONING_PROFILE = "";
				PROVISIONING_PROFILE_SPECIFIER = "";
				SWIFT_VERSION = 4.0;
				TARGETED_DEVICE_FAMILY = "1,2";
			};
			name = Debug;
		};
		34DA627E1FD304BF006B325D /* Release */ = {
			isa = XCBuildConfiguration;
			buildSettings = {
				ASSETCATALOG_COMPILER_APPICON_NAME = AppIcon;
				"CODE_SIGN_IDENTITY[sdk=iphoneos*]" = "iPhone Developer";
				CODE_SIGN_STYLE = Automatic;
				DEVELOPMENT_TEAM = TLK6VZ6RAB;
				INFOPLIST_FILE = FriendNetworking/Info.plist;
				IPHONEOS_DEPLOYMENT_TARGET = 10.0;
				LD_RUNPATH_SEARCH_PATHS = "$(inherited) @executable_path/Frameworks";
				PRODUCT_BUNDLE_IDENTIFIER = FriendNetworking;
				PRODUCT_NAME = "$(TARGET_NAME)";
				PROVISIONING_PROFILE_SPECIFIER = "";
				SWIFT_VERSION = 4.0;
				TARGETED_DEVICE_FAMILY = "1,2";
			};
			name = Release;
		};
		34DA62801FD304BF006B325D /* Debug */ = {
			isa = XCBuildConfiguration;
			buildSettings = {
				ALWAYS_EMBED_SWIFT_STANDARD_LIBRARIES = YES;
				BUNDLE_LOADER = "$(TEST_HOST)";
				CODE_SIGN_STYLE = Automatic;
				INFOPLIST_FILE = FriendNetworkingTests/Info.plist;
				LD_RUNPATH_SEARCH_PATHS = "$(inherited) @executable_path/Frameworks @loader_path/Frameworks";
				PRODUCT_BUNDLE_IDENTIFIER = Lets.FriendNetworkingTests;
				PRODUCT_NAME = "$(TARGET_NAME)";
				SWIFT_VERSION = 4.0;
				TARGETED_DEVICE_FAMILY = "1,2";
				TEST_HOST = "$(BUILT_PRODUCTS_DIR)/FriendNetworking.app/FriendNetworking";
			};
			name = Debug;
		};
		34DA62811FD304BF006B325D /* Release */ = {
			isa = XCBuildConfiguration;
			buildSettings = {
				ALWAYS_EMBED_SWIFT_STANDARD_LIBRARIES = YES;
				BUNDLE_LOADER = "$(TEST_HOST)";
				CODE_SIGN_STYLE = Automatic;
				INFOPLIST_FILE = FriendNetworkingTests/Info.plist;
				LD_RUNPATH_SEARCH_PATHS = "$(inherited) @executable_path/Frameworks @loader_path/Frameworks";
				PRODUCT_BUNDLE_IDENTIFIER = Lets.FriendNetworkingTests;
				PRODUCT_NAME = "$(TARGET_NAME)";
				SWIFT_VERSION = 4.0;
				TARGETED_DEVICE_FAMILY = "1,2";
				TEST_HOST = "$(BUILT_PRODUCTS_DIR)/FriendNetworking.app/FriendNetworking";
			};
			name = Release;
		};
		34DA62831FD304BF006B325D /* Debug */ = {
			isa = XCBuildConfiguration;
			buildSettings = {
				ALWAYS_EMBED_SWIFT_STANDARD_LIBRARIES = YES;
				CODE_SIGN_STYLE = Automatic;
				INFOPLIST_FILE = FriendNetworkingUITests/Info.plist;
				LD_RUNPATH_SEARCH_PATHS = "$(inherited) @executable_path/Frameworks @loader_path/Frameworks";
				PRODUCT_BUNDLE_IDENTIFIER = Lets.FriendNetworkingUITests;
				PRODUCT_NAME = "$(TARGET_NAME)";
				SWIFT_VERSION = 4.0;
				TARGETED_DEVICE_FAMILY = "1,2";
				TEST_TARGET_NAME = FriendNetworking;
			};
			name = Debug;
		};
		34DA62841FD304BF006B325D /* Release */ = {
			isa = XCBuildConfiguration;
			buildSettings = {
				ALWAYS_EMBED_SWIFT_STANDARD_LIBRARIES = YES;
				CODE_SIGN_STYLE = Automatic;
				INFOPLIST_FILE = FriendNetworkingUITests/Info.plist;
				LD_RUNPATH_SEARCH_PATHS = "$(inherited) @executable_path/Frameworks @loader_path/Frameworks";
				PRODUCT_BUNDLE_IDENTIFIER = Lets.FriendNetworkingUITests;
				PRODUCT_NAME = "$(TARGET_NAME)";
				SWIFT_VERSION = 4.0;
				TARGETED_DEVICE_FAMILY = "1,2";
				TEST_TARGET_NAME = FriendNetworking;
			};
			name = Release;
		};
/* End XCBuildConfiguration section */

/* Begin XCConfigurationList section */
		34DA624F1FD304BE006B325D /* Build configuration list for PBXProject "FriendNetworking" */ = {
			isa = XCConfigurationList;
			buildConfigurations = (
				34DA627A1FD304BF006B325D /* Debug */,
				34DA627B1FD304BF006B325D /* Release */,
			);
			defaultConfigurationIsVisible = 0;
			defaultConfigurationName = Release;
		};
		34DA627C1FD304BF006B325D /* Build configuration list for PBXNativeTarget "FriendNetworking" */ = {
			isa = XCConfigurationList;
			buildConfigurations = (
				34DA627D1FD304BF006B325D /* Debug */,
				34DA627E1FD304BF006B325D /* Release */,
			);
			defaultConfigurationIsVisible = 0;
			defaultConfigurationName = Release;
		};
		34DA627F1FD304BF006B325D /* Build configuration list for PBXNativeTarget "FriendNetworkingTests" */ = {
			isa = XCConfigurationList;
			buildConfigurations = (
				34DA62801FD304BF006B325D /* Debug */,
				34DA62811FD304BF006B325D /* Release */,
			);
			defaultConfigurationIsVisible = 0;
			defaultConfigurationName = Release;
		};
		34DA62821FD304BF006B325D /* Build configuration list for PBXNativeTarget "FriendNetworkingUITests" */ = {
			isa = XCConfigurationList;
			buildConfigurations = (
				34DA62831FD304BF006B325D /* Debug */,
				34DA62841FD304BF006B325D /* Release */,
			);
			defaultConfigurationIsVisible = 0;
			defaultConfigurationName = Release;
		};
/* End XCConfigurationList section */
	};
	rootObject = 34DA624C1FD304BE006B325D /* Project object */;
}
